// !$*UTF8*$!
{
	archiveVersion = 1;
	classes = {
	};
	objectVersion = 56;
	objects = {

/* Begin PBXBuildFile section */
		BF64083A28EA09930008230A /* AppDelegate.swift in Sources */ = {isa = PBXBuildFile; fileRef = BF64083928EA09930008230A /* AppDelegate.swift */; };
		BF64083E28EA09930008230A /* GameController.swift in Sources */ = {isa = PBXBuildFile; fileRef = BF64083D28EA09930008230A /* GameController.swift */; };
		BF64084328EA09960008230A /* Assets.xcassets in Resources */ = {isa = PBXBuildFile; fileRef = BF64084228EA09960008230A /* Assets.xcassets */; };
		BF64084628EA09960008230A /* LaunchScreen.storyboard in Resources */ = {isa = PBXBuildFile; fileRef = BF64084428EA09960008230A /* LaunchScreen.storyboard */; };
		BF64085128EA09960008230A /* WordGameTests.swift in Sources */ = {isa = PBXBuildFile; fileRef = BF64085028EA09960008230A /* WordGameTests.swift */; };
		BF64085B28EA09960008230A /* WordGameUITests.swift in Sources */ = {isa = PBXBuildFile; fileRef = BF64085A28EA09960008230A /* WordGameUITests.swift */; };
		BF64085D28EA09960008230A /* WordGameUITestsLaunchTests.swift in Sources */ = {isa = PBXBuildFile; fileRef = BF64085C28EA09960008230A /* WordGameUITestsLaunchTests.swift */; };
		BF64086F28EA0D860008230A /* FileError.swift in Sources */ = {isa = PBXBuildFile; fileRef = BF64086B28EA0D860008230A /* FileError.swift */; };
		BF64087028EA0D860008230A /* DecodableParser.swift in Sources */ = {isa = PBXBuildFile; fileRef = BF64086C28EA0D860008230A /* DecodableParser.swift */; };
		BF64087128EA0D860008230A /* FileParser.swift in Sources */ = {isa = PBXBuildFile; fileRef = BF64086D28EA0D860008230A /* FileParser.swift */; };
		BF64087228EA0D860008230A /* FileType.swift in Sources */ = {isa = PBXBuildFile; fileRef = BF64086E28EA0D860008230A /* FileType.swift */; };
		BF64087728EA0F040008230A /* words.json in Resources */ = {isa = PBXBuildFile; fileRef = BF64087628EA0F040008230A /* words.json */; };
		BF64087A28EA0F350008230A /* Word.swift in Sources */ = {isa = PBXBuildFile; fileRef = BF64087928EA0F350008230A /* Word.swift */; };
		BF64087D28EA11F60008230A /* GameManager.swift in Sources */ = {isa = PBXBuildFile; fileRef = BF64087C28EA11F60008230A /* GameManager.swift */; };
		BF64087F28EA13270008230A /* GameViewModel.swift in Sources */ = {isa = PBXBuildFile; fileRef = BF64087E28EA13270008230A /* GameViewModel.swift */; };
		BF64088128EA19A10008230A /* AttemptCountable.swift in Sources */ = {isa = PBXBuildFile; fileRef = BF64088028EA19A10008230A /* AttemptCountable.swift */; };
		BF64088328EA1C450008230A /* WordPair.swift in Sources */ = {isa = PBXBuildFile; fileRef = BF64088228EA1C450008230A /* WordPair.swift */; };
		BF64088528EA1F5B0008230A /* WordPairGenerator.swift in Sources */ = {isa = PBXBuildFile; fileRef = BF64088428EA1F5B0008230A /* WordPairGenerator.swift */; };
		BFBFA07428EB8C4F00F018D8 /* HorizontalButtonPairView.swift in Sources */ = {isa = PBXBuildFile; fileRef = BFBFA07328EB8C4F00F018D8 /* HorizontalButtonPairView.swift */; };
		BFBFA07628EB8C6800F018D8 /* Configurable.swift in Sources */ = {isa = PBXBuildFile; fileRef = BFBFA07528EB8C6800F018D8 /* Configurable.swift */; };
		BFBFA07928EB8DCB00F018D8 /* TypeAliases.swift in Sources */ = {isa = PBXBuildFile; fileRef = BFBFA07828EB8DCB00F018D8 /* TypeAliases.swift */; };
		BFBFA07C28EB90EB00F018D8 /* SnapKit in Frameworks */ = {isa = PBXBuildFile; productRef = BFBFA07B28EB90EB00F018D8 /* SnapKit */; };
		BFBFA07E28EB954000F018D8 /* GameResources.swift in Sources */ = {isa = PBXBuildFile; fileRef = BFBFA07D28EB954000F018D8 /* GameResources.swift */; };
		BFC2F5F428EC199A0047E66B /* AttemptView.swift in Sources */ = {isa = PBXBuildFile; fileRef = BFC2F5F328EC199A0047E66B /* AttemptView.swift */; };
		BFC2F5F728EC20D40047E66B /* WordPairView.swift in Sources */ = {isa = PBXBuildFile; fileRef = BFC2F5F628EC20D40047E66B /* WordPairView.swift */; };
		BFC2F5F928EC34EA0047E66B /* GameState.swift in Sources */ = {isa = PBXBuildFile; fileRef = BFC2F5F828EC34EA0047E66B /* GameState.swift */; };
		BFC2F5FC28EC43FC0047E66B /* RestartDisplayable.swift in Sources */ = {isa = PBXBuildFile; fileRef = BFC2F5FB28EC43FC0047E66B /* RestartDisplayable.swift */; };
		BFC2F5FE28EC4E790047E66B /* TimerService.swift in Sources */ = {isa = PBXBuildFile; fileRef = BFC2F5FD28EC4E790047E66B /* TimerService.swift */; };
/* End PBXBuildFile section */

/* Begin PBXContainerItemProxy section */
		BF64084D28EA09960008230A /* PBXContainerItemProxy */ = {
			isa = PBXContainerItemProxy;
			containerPortal = BF64082E28EA09930008230A /* Project object */;
			proxyType = 1;
			remoteGlobalIDString = BF64083528EA09930008230A;
			remoteInfo = WordGame;
		};
		BF64085728EA09960008230A /* PBXContainerItemProxy */ = {
			isa = PBXContainerItemProxy;
			containerPortal = BF64082E28EA09930008230A /* Project object */;
			proxyType = 1;
			remoteGlobalIDString = BF64083528EA09930008230A;
			remoteInfo = WordGame;
		};
/* End PBXContainerItemProxy section */

/* Begin PBXFileReference section */
		BF64083628EA09930008230A /* WordGame.app */ = {isa = PBXFileReference; explicitFileType = wrapper.application; includeInIndex = 0; path = WordGame.app; sourceTree = BUILT_PRODUCTS_DIR; };
		BF64083928EA09930008230A /* AppDelegate.swift */ = {isa = PBXFileReference; lastKnownFileType = sourcecode.swift; path = AppDelegate.swift; sourceTree = "<group>"; };
		BF64083D28EA09930008230A /* GameController.swift */ = {isa = PBXFileReference; lastKnownFileType = sourcecode.swift; path = GameController.swift; sourceTree = "<group>"; };
		BF64084228EA09960008230A /* Assets.xcassets */ = {isa = PBXFileReference; lastKnownFileType = folder.assetcatalog; path = Assets.xcassets; sourceTree = "<group>"; };
		BF64084528EA09960008230A /* Base */ = {isa = PBXFileReference; lastKnownFileType = file.storyboard; name = Base; path = Base.lproj/LaunchScreen.storyboard; sourceTree = "<group>"; };
		BF64084728EA09960008230A /* Info.plist */ = {isa = PBXFileReference; lastKnownFileType = text.plist.xml; path = Info.plist; sourceTree = "<group>"; };
		BF64084C28EA09960008230A /* WordGameTests.xctest */ = {isa = PBXFileReference; explicitFileType = wrapper.cfbundle; includeInIndex = 0; path = WordGameTests.xctest; sourceTree = BUILT_PRODUCTS_DIR; };
		BF64085028EA09960008230A /* WordGameTests.swift */ = {isa = PBXFileReference; lastKnownFileType = sourcecode.swift; path = WordGameTests.swift; sourceTree = "<group>"; };
		BF64085628EA09960008230A /* WordGameUITests.xctest */ = {isa = PBXFileReference; explicitFileType = wrapper.cfbundle; includeInIndex = 0; path = WordGameUITests.xctest; sourceTree = BUILT_PRODUCTS_DIR; };
		BF64085A28EA09960008230A /* WordGameUITests.swift */ = {isa = PBXFileReference; lastKnownFileType = sourcecode.swift; path = WordGameUITests.swift; sourceTree = "<group>"; };
		BF64085C28EA09960008230A /* WordGameUITestsLaunchTests.swift */ = {isa = PBXFileReference; lastKnownFileType = sourcecode.swift; path = WordGameUITestsLaunchTests.swift; sourceTree = "<group>"; };
		BF64086B28EA0D860008230A /* FileError.swift */ = {isa = PBXFileReference; fileEncoding = 4; lastKnownFileType = sourcecode.swift; path = FileError.swift; sourceTree = "<group>"; };
		BF64086C28EA0D860008230A /* DecodableParser.swift */ = {isa = PBXFileReference; fileEncoding = 4; lastKnownFileType = sourcecode.swift; path = DecodableParser.swift; sourceTree = "<group>"; };
		BF64086D28EA0D860008230A /* FileParser.swift */ = {isa = PBXFileReference; fileEncoding = 4; lastKnownFileType = sourcecode.swift; path = FileParser.swift; sourceTree = "<group>"; };
		BF64086E28EA0D860008230A /* FileType.swift */ = {isa = PBXFileReference; fileEncoding = 4; lastKnownFileType = sourcecode.swift; path = FileType.swift; sourceTree = "<group>"; };
		BF64087628EA0F040008230A /* words.json */ = {isa = PBXFileReference; fileEncoding = 4; lastKnownFileType = text.json; path = words.json; sourceTree = "<group>"; };
		BF64087928EA0F350008230A /* Word.swift */ = {isa = PBXFileReference; lastKnownFileType = sourcecode.swift; path = Word.swift; sourceTree = "<group>"; };
		BF64087C28EA11F60008230A /* GameManager.swift */ = {isa = PBXFileReference; lastKnownFileType = sourcecode.swift; path = GameManager.swift; sourceTree = "<group>"; };
		BF64087E28EA13270008230A /* GameViewModel.swift */ = {isa = PBXFileReference; lastKnownFileType = sourcecode.swift; path = GameViewModel.swift; sourceTree = "<group>"; };
		BF64088028EA19A10008230A /* AttemptCountable.swift */ = {isa = PBXFileReference; lastKnownFileType = sourcecode.swift; path = AttemptCountable.swift; sourceTree = "<group>"; };
		BF64088228EA1C450008230A /* WordPair.swift */ = {isa = PBXFileReference; lastKnownFileType = sourcecode.swift; path = WordPair.swift; sourceTree = "<group>"; };
		BF64088428EA1F5B0008230A /* WordPairGenerator.swift */ = {isa = PBXFileReference; lastKnownFileType = sourcecode.swift; path = WordPairGenerator.swift; sourceTree = "<group>"; };
		BFBFA07328EB8C4F00F018D8 /* HorizontalButtonPairView.swift */ = {isa = PBXFileReference; lastKnownFileType = sourcecode.swift; path = HorizontalButtonPairView.swift; sourceTree = "<group>"; };
		BFBFA07528EB8C6800F018D8 /* Configurable.swift */ = {isa = PBXFileReference; lastKnownFileType = sourcecode.swift; path = Configurable.swift; sourceTree = "<group>"; };
		BFBFA07828EB8DCB00F018D8 /* TypeAliases.swift */ = {isa = PBXFileReference; lastKnownFileType = sourcecode.swift; path = TypeAliases.swift; sourceTree = "<group>"; };
		BFBFA07D28EB954000F018D8 /* GameResources.swift */ = {isa = PBXFileReference; lastKnownFileType = sourcecode.swift; path = GameResources.swift; sourceTree = "<group>"; };
		BFC2F5F328EC199A0047E66B /* AttemptView.swift */ = {isa = PBXFileReference; lastKnownFileType = sourcecode.swift; path = AttemptView.swift; sourceTree = "<group>"; };
		BFC2F5F628EC20D40047E66B /* WordPairView.swift */ = {isa = PBXFileReference; lastKnownFileType = sourcecode.swift; path = WordPairView.swift; sourceTree = "<group>"; };
		BFC2F5F828EC34EA0047E66B /* GameState.swift */ = {isa = PBXFileReference; lastKnownFileType = sourcecode.swift; path = GameState.swift; sourceTree = "<group>"; };
		BFC2F5FB28EC43FC0047E66B /* RestartDisplayable.swift */ = {isa = PBXFileReference; lastKnownFileType = sourcecode.swift; path = RestartDisplayable.swift; sourceTree = "<group>"; };
		BFC2F5FD28EC4E790047E66B /* TimerService.swift */ = {isa = PBXFileReference; lastKnownFileType = sourcecode.swift; path = TimerService.swift; sourceTree = "<group>"; };
/* End PBXFileReference section */

/* Begin PBXFrameworksBuildPhase section */
		BF64083328EA09930008230A /* Frameworks */ = {
			isa = PBXFrameworksBuildPhase;
			buildActionMask = 2147483647;
			files = (
				BFBFA07C28EB90EB00F018D8 /* SnapKit in Frameworks */,
			);
			runOnlyForDeploymentPostprocessing = 0;
		};
		BF64084928EA09960008230A /* Frameworks */ = {
			isa = PBXFrameworksBuildPhase;
			buildActionMask = 2147483647;
			files = (
			);
			runOnlyForDeploymentPostprocessing = 0;
		};
		BF64085328EA09960008230A /* Frameworks */ = {
			isa = PBXFrameworksBuildPhase;
			buildActionMask = 2147483647;
			files = (
			);
			runOnlyForDeploymentPostprocessing = 0;
		};
/* End PBXFrameworksBuildPhase section */

/* Begin PBXGroup section */
		BF64082D28EA09930008230A = {
			isa = PBXGroup;
			children = (
				BF64083828EA09930008230A /* WordGame */,
				BF64084F28EA09960008230A /* WordGameTests */,
				BF64085928EA09960008230A /* WordGameUITests */,
				BF64083728EA09930008230A /* Products */,
			);
			sourceTree = "<group>";
		};
		BF64083728EA09930008230A /* Products */ = {
			isa = PBXGroup;
			children = (
				BF64083628EA09930008230A /* WordGame.app */,
				BF64084C28EA09960008230A /* WordGameTests.xctest */,
				BF64085628EA09960008230A /* WordGameUITests.xctest */,
			);
			name = Products;
			sourceTree = "<group>";
		};
		BF64083828EA09930008230A /* WordGame */ = {
			isa = PBXGroup;
			children = (
				BF64083928EA09930008230A /* AppDelegate.swift */,
				BF64087328EA0E510008230A /* Assets */,
				BF64086A28EA0D5F0008230A /* Core */,
				BF64087428EA0E9D0008230A /* Features */,
				BFBFA07228EB8C3600F018D8 /* UIComp */,
			);
			path = WordGame;
			sourceTree = "<group>";
		};
		BF64084F28EA09960008230A /* WordGameTests */ = {
			isa = PBXGroup;
			children = (
				BF64085028EA09960008230A /* WordGameTests.swift */,
			);
			path = WordGameTests;
			sourceTree = "<group>";
		};
		BF64085928EA09960008230A /* WordGameUITests */ = {
			isa = PBXGroup;
			children = (
				BF64085A28EA09960008230A /* WordGameUITests.swift */,
				BF64085C28EA09960008230A /* WordGameUITestsLaunchTests.swift */,
			);
			path = WordGameUITests;
			sourceTree = "<group>";
		};
		BF64086928EA0D4E0008230A /* FileParser */ = {
			isa = PBXGroup;
			children = (
				BF64086C28EA0D860008230A /* DecodableParser.swift */,
				BF64086B28EA0D860008230A /* FileError.swift */,
				BF64086D28EA0D860008230A /* FileParser.swift */,
				BF64086E28EA0D860008230A /* FileType.swift */,
			);
			path = FileParser;
			sourceTree = "<group>";
		};
		BF64086A28EA0D5F0008230A /* Core */ = {
			isa = PBXGroup;
			children = (
				BF64086928EA0D4E0008230A /* FileParser */,
				BFC2F5FB28EC43FC0047E66B /* RestartDisplayable.swift */,
				BFBFA07828EB8DCB00F018D8 /* TypeAliases.swift */,
				BFC2F5FD28EC4E790047E66B /* TimerService.swift */,
			);
			path = Core;
			sourceTree = "<group>";
		};
		BF64087328EA0E510008230A /* Assets */ = {
			isa = PBXGroup;
			children = (
				BF64087628EA0F040008230A /* words.json */,
				BF64084228EA09960008230A /* Assets.xcassets */,
				BF64084728EA09960008230A /* Info.plist */,
				BF64084428EA09960008230A /* LaunchScreen.storyboard */,
			);
			path = Assets;
			sourceTree = "<group>";
		};
		BF64087428EA0E9D0008230A /* Features */ = {
			isa = PBXGroup;
			children = (
				BF64087528EA0EA90008230A /* Game */,
			);
			path = Features;
			sourceTree = "<group>";
		};
		BF64087528EA0EA90008230A /* Game */ = {
			isa = PBXGroup;
			children = (
				BF64083D28EA09930008230A /* GameController.swift */,
				BF64087E28EA13270008230A /* GameViewModel.swift */,
				BF64087B28EA11E20008230A /* Business */,
				BF64087828EA0F190008230A /* Model */,
				BFC2F5FA28EC34FF0047E66B /* Resources */,
			);
			path = Game;
			sourceTree = "<group>";
		};
		BF64087828EA0F190008230A /* Model */ = {
			isa = PBXGroup;
			children = (
				BF64087928EA0F350008230A /* Word.swift */,
				BF64088228EA1C450008230A /* WordPair.swift */,
			);
			path = Model;
			sourceTree = "<group>";
		};
		BF64087B28EA11E20008230A /* Business */ = {
			isa = PBXGroup;
			children = (
				BF64088028EA19A10008230A /* AttemptCountable.swift */,
				BF64087C28EA11F60008230A /* GameManager.swift */,
				BFC2F5F828EC34EA0047E66B /* GameState.swift */,
				BF64088428EA1F5B0008230A /* WordPairGenerator.swift */,
			);
			path = Business;
			sourceTree = "<group>";
		};
		BFBFA07228EB8C3600F018D8 /* UIComp */ = {
			isa = PBXGroup;
			children = (
				BFBFA07528EB8C6800F018D8 /* Configurable.swift */,
				BFC2F5F228EC197B0047E66B /* AttemptView */,
				BFBFA07728EB8C6D00F018D8 /* HorizontalButtonPairView */,
				BFC2F5F528EC20BC0047E66B /* WordPairView */,
			);
			path = UIComp;
			sourceTree = "<group>";
		};
		BFBFA07728EB8C6D00F018D8 /* HorizontalButtonPairView */ = {
			isa = PBXGroup;
			children = (
				BFBFA07328EB8C4F00F018D8 /* HorizontalButtonPairView.swift */,
			);
			path = HorizontalButtonPairView;
			sourceTree = "<group>";
		};
		BFC2F5F228EC197B0047E66B /* AttemptView */ = {
			isa = PBXGroup;
			children = (
				BFC2F5F328EC199A0047E66B /* AttemptView.swift */,
			);
			path = AttemptView;
			sourceTree = "<group>";
		};
		BFC2F5F528EC20BC0047E66B /* WordPairView */ = {
			isa = PBXGroup;
			children = (
				BFC2F5F628EC20D40047E66B /* WordPairView.swift */,
			);
			path = WordPairView;
			sourceTree = "<group>";
		};
		BFC2F5FA28EC34FF0047E66B /* Resources */ = {
			isa = PBXGroup;
			children = (
				BFBFA07D28EB954000F018D8 /* GameResources.swift */,
			);
			path = Resources;
			sourceTree = "<group>";
		};
/* End PBXGroup section */

/* Begin PBXNativeTarget section */
		BF64083528EA09930008230A /* WordGame */ = {
			isa = PBXNativeTarget;
			buildConfigurationList = BF64086028EA09960008230A /* Build configuration list for PBXNativeTarget "WordGame" */;
			buildPhases = (
				BF64083228EA09930008230A /* Sources */,
				BF64083328EA09930008230A /* Frameworks */,
				BF64083428EA09930008230A /* Resources */,
			);
			buildRules = (
			);
			dependencies = (
			);
			name = WordGame;
			packageProductDependencies = (
				BFBFA07B28EB90EB00F018D8 /* SnapKit */,
			);
			productName = WordGame;
			productReference = BF64083628EA09930008230A /* WordGame.app */;
			productType = "com.apple.product-type.application";
		};
		BF64084B28EA09960008230A /* WordGameTests */ = {
			isa = PBXNativeTarget;
			buildConfigurationList = BF64086328EA09960008230A /* Build configuration list for PBXNativeTarget "WordGameTests" */;
			buildPhases = (
				BF64084828EA09960008230A /* Sources */,
				BF64084928EA09960008230A /* Frameworks */,
				BF64084A28EA09960008230A /* Resources */,
			);
			buildRules = (
			);
			dependencies = (
				BF64084E28EA09960008230A /* PBXTargetDependency */,
			);
			name = WordGameTests;
			productName = WordGameTests;
			productReference = BF64084C28EA09960008230A /* WordGameTests.xctest */;
			productType = "com.apple.product-type.bundle.unit-test";
		};
		BF64085528EA09960008230A /* WordGameUITests */ = {
			isa = PBXNativeTarget;
			buildConfigurationList = BF64086628EA09960008230A /* Build configuration list for PBXNativeTarget "WordGameUITests" */;
			buildPhases = (
				BF64085228EA09960008230A /* Sources */,
				BF64085328EA09960008230A /* Frameworks */,
				BF64085428EA09960008230A /* Resources */,
			);
			buildRules = (
			);
			dependencies = (
				BF64085828EA09960008230A /* PBXTargetDependency */,
			);
			name = WordGameUITests;
			productName = WordGameUITests;
			productReference = BF64085628EA09960008230A /* WordGameUITests.xctest */;
			productType = "com.apple.product-type.bundle.ui-testing";
		};
/* End PBXNativeTarget section */

/* Begin PBXProject section */
		BF64082E28EA09930008230A /* Project object */ = {
			isa = PBXProject;
			attributes = {
				BuildIndependentTargetsInParallel = 1;
				LastSwiftUpdateCheck = 1400;
				LastUpgradeCheck = 1400;
				TargetAttributes = {
					BF64083528EA09930008230A = {
						CreatedOnToolsVersion = 14.0.1;
					};
					BF64084B28EA09960008230A = {
						CreatedOnToolsVersion = 14.0.1;
						TestTargetID = BF64083528EA09930008230A;
					};
					BF64085528EA09960008230A = {
						CreatedOnToolsVersion = 14.0.1;
						TestTargetID = BF64083528EA09930008230A;
					};
				};
			};
			buildConfigurationList = BF64083128EA09930008230A /* Build configuration list for PBXProject "WordGame" */;
			compatibilityVersion = "Xcode 14.0";
			developmentRegion = en;
			hasScannedForEncodings = 0;
			knownRegions = (
				en,
				Base,
			);
			mainGroup = BF64082D28EA09930008230A;
			packageReferences = (
				BFBFA07A28EB90EB00F018D8 /* XCRemoteSwiftPackageReference "SnapKit" */,
			);
			productRefGroup = BF64083728EA09930008230A /* Products */;
			projectDirPath = "";
			projectRoot = "";
			targets = (
				BF64083528EA09930008230A /* WordGame */,
				BF64084B28EA09960008230A /* WordGameTests */,
				BF64085528EA09960008230A /* WordGameUITests */,
			);
		};
/* End PBXProject section */

/* Begin PBXResourcesBuildPhase section */
		BF64083428EA09930008230A /* Resources */ = {
			isa = PBXResourcesBuildPhase;
			buildActionMask = 2147483647;
			files = (
				BF64087728EA0F040008230A /* words.json in Resources */,
				BF64084628EA09960008230A /* LaunchScreen.storyboard in Resources */,
				BF64084328EA09960008230A /* Assets.xcassets in Resources */,
			);
			runOnlyForDeploymentPostprocessing = 0;
		};
		BF64084A28EA09960008230A /* Resources */ = {
			isa = PBXResourcesBuildPhase;
			buildActionMask = 2147483647;
			files = (
			);
			runOnlyForDeploymentPostprocessing = 0;
		};
		BF64085428EA09960008230A /* Resources */ = {
			isa = PBXResourcesBuildPhase;
			buildActionMask = 2147483647;
			files = (
			);
			runOnlyForDeploymentPostprocessing = 0;
		};
/* End PBXResourcesBuildPhase section */

/* Begin PBXSourcesBuildPhase section */
		BF64083228EA09930008230A /* Sources */ = {
			isa = PBXSourcesBuildPhase;
			buildActionMask = 2147483647;
			files = (
				BF64087F28EA13270008230A /* GameViewModel.swift in Sources */,
				BFC2F5FC28EC43FC0047E66B /* RestartDisplayable.swift in Sources */,
				BF64087028EA0D860008230A /* DecodableParser.swift in Sources */,
				BF64087228EA0D860008230A /* FileType.swift in Sources */,
				BFBFA07E28EB954000F018D8 /* GameResources.swift in Sources */,
				BFBFA07928EB8DCB00F018D8 /* TypeAliases.swift in Sources */,
				BF64088328EA1C450008230A /* WordPair.swift in Sources */,
				BF64088128EA19A10008230A /* AttemptCountable.swift in Sources */,
				BFC2F5F928EC34EA0047E66B /* GameState.swift in Sources */,
				BF64087128EA0D860008230A /* FileParser.swift in Sources */,
				BFC2F5F428EC199A0047E66B /* AttemptView.swift in Sources */,
				BF64083E28EA09930008230A /* GameController.swift in Sources */,
				BFC2F5F728EC20D40047E66B /* WordPairView.swift in Sources */,
				BF64083A28EA09930008230A /* AppDelegate.swift in Sources */,
				BF64086F28EA0D860008230A /* FileError.swift in Sources */,
				BFBFA07428EB8C4F00F018D8 /* HorizontalButtonPairView.swift in Sources */,
				BFBFA07628EB8C6800F018D8 /* Configurable.swift in Sources */,
				BF64088528EA1F5B0008230A /* WordPairGenerator.swift in Sources */,
				BFC2F5FE28EC4E790047E66B /* TimerService.swift in Sources */,
				BF64087D28EA11F60008230A /* GameManager.swift in Sources */,
				BF64087A28EA0F350008230A /* Word.swift in Sources */,
			);
			runOnlyForDeploymentPostprocessing = 0;
		};
		BF64084828EA09960008230A /* Sources */ = {
			isa = PBXSourcesBuildPhase;
			buildActionMask = 2147483647;
			files = (
				BF64085128EA09960008230A /* WordGameTests.swift in Sources */,
			);
			runOnlyForDeploymentPostprocessing = 0;
		};
		BF64085228EA09960008230A /* Sources */ = {
			isa = PBXSourcesBuildPhase;
			buildActionMask = 2147483647;
			files = (
				BF64085D28EA09960008230A /* WordGameUITestsLaunchTests.swift in Sources */,
				BF64085B28EA09960008230A /* WordGameUITests.swift in Sources */,
			);
			runOnlyForDeploymentPostprocessing = 0;
		};
/* End PBXSourcesBuildPhase section */

/* Begin PBXTargetDependency section */
		BF64084E28EA09960008230A /* PBXTargetDependency */ = {
			isa = PBXTargetDependency;
			target = BF64083528EA09930008230A /* WordGame */;
			targetProxy = BF64084D28EA09960008230A /* PBXContainerItemProxy */;
		};
		BF64085828EA09960008230A /* PBXTargetDependency */ = {
			isa = PBXTargetDependency;
			target = BF64083528EA09930008230A /* WordGame */;
			targetProxy = BF64085728EA09960008230A /* PBXContainerItemProxy */;
		};
/* End PBXTargetDependency section */

/* Begin PBXVariantGroup section */
		BF64084428EA09960008230A /* LaunchScreen.storyboard */ = {
			isa = PBXVariantGroup;
			children = (
				BF64084528EA09960008230A /* Base */,
			);
			name = LaunchScreen.storyboard;
			sourceTree = "<group>";
		};
/* End PBXVariantGroup section */

/* Begin XCBuildConfiguration section */
		BF64085E28EA09960008230A /* Debug */ = {
			isa = XCBuildConfiguration;
			buildSettings = {
				ALWAYS_SEARCH_USER_PATHS = NO;
				CLANG_ANALYZER_NONNULL = YES;
				CLANG_ANALYZER_NUMBER_OBJECT_CONVERSION = YES_AGGRESSIVE;
				CLANG_CXX_LANGUAGE_STANDARD = "gnu++20";
				CLANG_ENABLE_MODULES = YES;
				CLANG_ENABLE_OBJC_ARC = YES;
				CLANG_ENABLE_OBJC_WEAK = YES;
				CLANG_WARN_BLOCK_CAPTURE_AUTORELEASING = YES;
				CLANG_WARN_BOOL_CONVERSION = YES;
				CLANG_WARN_COMMA = YES;
				CLANG_WARN_CONSTANT_CONVERSION = YES;
				CLANG_WARN_DEPRECATED_OBJC_IMPLEMENTATIONS = YES;
				CLANG_WARN_DIRECT_OBJC_ISA_USAGE = YES_ERROR;
				CLANG_WARN_DOCUMENTATION_COMMENTS = YES;
				CLANG_WARN_EMPTY_BODY = YES;
				CLANG_WARN_ENUM_CONVERSION = YES;
				CLANG_WARN_INFINITE_RECURSION = YES;
				CLANG_WARN_INT_CONVERSION = YES;
				CLANG_WARN_NON_LITERAL_NULL_CONVERSION = YES;
				CLANG_WARN_OBJC_IMPLICIT_RETAIN_SELF = YES;
				CLANG_WARN_OBJC_LITERAL_CONVERSION = YES;
				CLANG_WARN_OBJC_ROOT_CLASS = YES_ERROR;
				CLANG_WARN_QUOTED_INCLUDE_IN_FRAMEWORK_HEADER = YES;
				CLANG_WARN_RANGE_LOOP_ANALYSIS = YES;
				CLANG_WARN_STRICT_PROTOTYPES = YES;
				CLANG_WARN_SUSPICIOUS_MOVE = YES;
				CLANG_WARN_UNGUARDED_AVAILABILITY = YES_AGGRESSIVE;
				CLANG_WARN_UNREACHABLE_CODE = YES;
				CLANG_WARN__DUPLICATE_METHOD_MATCH = YES;
				COPY_PHASE_STRIP = NO;
				DEBUG_INFORMATION_FORMAT = dwarf;
				ENABLE_STRICT_OBJC_MSGSEND = YES;
				ENABLE_TESTABILITY = YES;
				GCC_C_LANGUAGE_STANDARD = gnu11;
				GCC_DYNAMIC_NO_PIC = NO;
				GCC_NO_COMMON_BLOCKS = YES;
				GCC_OPTIMIZATION_LEVEL = 0;
				GCC_PREPROCESSOR_DEFINITIONS = (
					"DEBUG=1",
					"$(inherited)",
				);
				GCC_WARN_64_TO_32_BIT_CONVERSION = YES;
				GCC_WARN_ABOUT_RETURN_TYPE = YES_ERROR;
				GCC_WARN_UNDECLARED_SELECTOR = YES;
				GCC_WARN_UNINITIALIZED_AUTOS = YES_AGGRESSIVE;
				GCC_WARN_UNUSED_FUNCTION = YES;
				GCC_WARN_UNUSED_VARIABLE = YES;
				IPHONEOS_DEPLOYMENT_TARGET = 16.0;
				MTL_ENABLE_DEBUG_INFO = INCLUDE_SOURCE;
				MTL_FAST_MATH = YES;
				ONLY_ACTIVE_ARCH = YES;
				SDKROOT = iphoneos;
				SWIFT_ACTIVE_COMPILATION_CONDITIONS = DEBUG;
				SWIFT_OPTIMIZATION_LEVEL = "-Onone";
			};
			name = Debug;
		};
		BF64085F28EA09960008230A /* Release */ = {
			isa = XCBuildConfiguration;
			buildSettings = {
				ALWAYS_SEARCH_USER_PATHS = NO;
				CLANG_ANALYZER_NONNULL = YES;
				CLANG_ANALYZER_NUMBER_OBJECT_CONVERSION = YES_AGGRESSIVE;
				CLANG_CXX_LANGUAGE_STANDARD = "gnu++20";
				CLANG_ENABLE_MODULES = YES;
				CLANG_ENABLE_OBJC_ARC = YES;
				CLANG_ENABLE_OBJC_WEAK = YES;
				CLANG_WARN_BLOCK_CAPTURE_AUTORELEASING = YES;
				CLANG_WARN_BOOL_CONVERSION = YES;
				CLANG_WARN_COMMA = YES;
				CLANG_WARN_CONSTANT_CONVERSION = YES;
				CLANG_WARN_DEPRECATED_OBJC_IMPLEMENTATIONS = YES;
				CLANG_WARN_DIRECT_OBJC_ISA_USAGE = YES_ERROR;
				CLANG_WARN_DOCUMENTATION_COMMENTS = YES;
				CLANG_WARN_EMPTY_BODY = YES;
				CLANG_WARN_ENUM_CONVERSION = YES;
				CLANG_WARN_INFINITE_RECURSION = YES;
				CLANG_WARN_INT_CONVERSION = YES;
				CLANG_WARN_NON_LITERAL_NULL_CONVERSION = YES;
				CLANG_WARN_OBJC_IMPLICIT_RETAIN_SELF = YES;
				CLANG_WARN_OBJC_LITERAL_CONVERSION = YES;
				CLANG_WARN_OBJC_ROOT_CLASS = YES_ERROR;
				CLANG_WARN_QUOTED_INCLUDE_IN_FRAMEWORK_HEADER = YES;
				CLANG_WARN_RANGE_LOOP_ANALYSIS = YES;
				CLANG_WARN_STRICT_PROTOTYPES = YES;
				CLANG_WARN_SUSPICIOUS_MOVE = YES;
				CLANG_WARN_UNGUARDED_AVAILABILITY = YES_AGGRESSIVE;
				CLANG_WARN_UNREACHABLE_CODE = YES;
				CLANG_WARN__DUPLICATE_METHOD_MATCH = YES;
				COPY_PHASE_STRIP = NO;
				DEBUG_INFORMATION_FORMAT = "dwarf-with-dsym";
				ENABLE_NS_ASSERTIONS = NO;
				ENABLE_STRICT_OBJC_MSGSEND = YES;
				GCC_C_LANGUAGE_STANDARD = gnu11;
				GCC_NO_COMMON_BLOCKS = YES;
				GCC_WARN_64_TO_32_BIT_CONVERSION = YES;
				GCC_WARN_ABOUT_RETURN_TYPE = YES_ERROR;
				GCC_WARN_UNDECLARED_SELECTOR = YES;
				GCC_WARN_UNINITIALIZED_AUTOS = YES_AGGRESSIVE;
				GCC_WARN_UNUSED_FUNCTION = YES;
				GCC_WARN_UNUSED_VARIABLE = YES;
				IPHONEOS_DEPLOYMENT_TARGET = 16.0;
				MTL_ENABLE_DEBUG_INFO = NO;
				MTL_FAST_MATH = YES;
				SDKROOT = iphoneos;
				SWIFT_COMPILATION_MODE = wholemodule;
				SWIFT_OPTIMIZATION_LEVEL = "-O";
				VALIDATE_PRODUCT = YES;
			};
			name = Release;
		};
		BF64086128EA09960008230A /* Debug */ = {
			isa = XCBuildConfiguration;
			buildSettings = {
				ASSETCATALOG_COMPILER_APPICON_NAME = AppIcon;
				ASSETCATALOG_COMPILER_GLOBAL_ACCENT_COLOR_NAME = AccentColor;
				CODE_SIGN_STYLE = Automatic;
				CURRENT_PROJECT_VERSION = 1;
				GENERATE_INFOPLIST_FILE = YES;
				INFOPLIST_FILE = WordGame/Assets/Info.plist;
				INFOPLIST_KEY_UIApplicationSupportsIndirectInputEvents = YES;
				INFOPLIST_KEY_UILaunchStoryboardName = LaunchScreen;
				INFOPLIST_KEY_UIMainStoryboardFile = "";
				INFOPLIST_KEY_UISupportedInterfaceOrientations = UIInterfaceOrientationPortrait;
				IPHONEOS_DEPLOYMENT_TARGET = 14.0;
				LD_RUNPATH_SEARCH_PATHS = (
					"$(inherited)",
					"@executable_path/Frameworks",
				);
				MARKETING_VERSION = 1.0;
				PRODUCT_BUNDLE_IDENTIFIER = com.oguzparlak.WordGame;
				PRODUCT_NAME = "$(TARGET_NAME)";
				SWIFT_EMIT_LOC_STRINGS = YES;
				SWIFT_VERSION = 5.0;
				TARGETED_DEVICE_FAMILY = "1,2";
			};
			name = Debug;
		};
		BF64086228EA09960008230A /* Release */ = {
			isa = XCBuildConfiguration;
			buildSettings = {
				ASSETCATALOG_COMPILER_APPICON_NAME = AppIcon;
				ASSETCATALOG_COMPILER_GLOBAL_ACCENT_COLOR_NAME = AccentColor;
				CODE_SIGN_STYLE = Automatic;
				CURRENT_PROJECT_VERSION = 1;
				GENERATE_INFOPLIST_FILE = YES;
				INFOPLIST_FILE = WordGame/Assets/Info.plist;
				INFOPLIST_KEY_UIApplicationSupportsIndirectInputEvents = YES;
				INFOPLIST_KEY_UILaunchStoryboardName = LaunchScreen;
				INFOPLIST_KEY_UIMainStoryboardFile = "";
				INFOPLIST_KEY_UISupportedInterfaceOrientations = UIInterfaceOrientationPortrait;
				IPHONEOS_DEPLOYMENT_TARGET = 14.0;
				LD_RUNPATH_SEARCH_PATHS = (
					"$(inherited)",
					"@executable_path/Frameworks",
				);
				MARKETING_VERSION = 1.0;
				PRODUCT_BUNDLE_IDENTIFIER = com.oguzparlak.WordGame;
				PRODUCT_NAME = "$(TARGET_NAME)";
				SWIFT_EMIT_LOC_STRINGS = YES;
				SWIFT_VERSION = 5.0;
				TARGETED_DEVICE_FAMILY = "1,2";
			};
			name = Release;
		};
		BF64086428EA09960008230A /* Debug */ = {
			isa = XCBuildConfiguration;
			buildSettings = {
				ALWAYS_EMBED_SWIFT_STANDARD_LIBRARIES = YES;
				BUNDLE_LOADER = "$(TEST_HOST)";
				CODE_SIGN_STYLE = Automatic;
				CURRENT_PROJECT_VERSION = 1;
				GENERATE_INFOPLIST_FILE = YES;
				IPHONEOS_DEPLOYMENT_TARGET = 16.0;
				MARKETING_VERSION = 1.0;
				PRODUCT_BUNDLE_IDENTIFIER = com.oguzparlak.WordGameTests;
				PRODUCT_NAME = "$(TARGET_NAME)";
				SWIFT_EMIT_LOC_STRINGS = NO;
				SWIFT_VERSION = 5.0;
				TARGETED_DEVICE_FAMILY = "1,2";
				TEST_HOST = "$(BUILT_PRODUCTS_DIR)/WordGame.app/$(BUNDLE_EXECUTABLE_FOLDER_PATH)/WordGame";
			};
			name = Debug;
		};
		BF64086528EA09960008230A /* Release */ = {
			isa = XCBuildConfiguration;
			buildSettings = {
				ALWAYS_EMBED_SWIFT_STANDARD_LIBRARIES = YES;
				BUNDLE_LOADER = "$(TEST_HOST)";
				CODE_SIGN_STYLE = Automatic;
				CURRENT_PROJECT_VERSION = 1;
				GENERATE_INFOPLIST_FILE = YES;
				IPHONEOS_DEPLOYMENT_TARGET = 16.0;
				MARKETING_VERSION = 1.0;
				PRODUCT_BUNDLE_IDENTIFIER = com.oguzparlak.WordGameTests;
				PRODUCT_NAME = "$(TARGET_NAME)";
				SWIFT_EMIT_LOC_STRINGS = NO;
				SWIFT_VERSION = 5.0;
				TARGETED_DEVICE_FAMILY = "1,2";
				TEST_HOST = "$(BUILT_PRODUCTS_DIR)/WordGame.app/$(BUNDLE_EXECUTABLE_FOLDER_PATH)/WordGame";
			};
			name = Release;
		};
		BF64086728EA09960008230A /* Debug */ = {
			isa = XCBuildConfiguration;
			buildSettings = {
				ALWAYS_EMBED_SWIFT_STANDARD_LIBRARIES = YES;
				CODE_SIGN_STYLE = Automatic;
				CURRENT_PROJECT_VERSION = 1;
				GENERATE_INFOPLIST_FILE = YES;
				MARKETING_VERSION = 1.0;
				PRODUCT_BUNDLE_IDENTIFIER = com.oguzparlak.WordGameUITests;
				PRODUCT_NAME = "$(TARGET_NAME)";
				SWIFT_EMIT_LOC_STRINGS = NO;
				SWIFT_VERSION = 5.0;
				TARGETED_DEVICE_FAMILY = "1,2";
				TEST_TARGET_NAME = WordGame;
			};
			name = Debug;
		};
		BF64086828EA09960008230A /* Release */ = {
			isa = XCBuildConfiguration;
			buildSettings = {
				ALWAYS_EMBED_SWIFT_STANDARD_LIBRARIES = YES;
				CODE_SIGN_STYLE = Automatic;
				CURRENT_PROJECT_VERSION = 1;
				GENERATE_INFOPLIST_FILE = YES;
				MARKETING_VERSION = 1.0;
				PRODUCT_BUNDLE_IDENTIFIER = com.oguzparlak.WordGameUITests;
				PRODUCT_NAME = "$(TARGET_NAME)";
				SWIFT_EMIT_LOC_STRINGS = NO;
				SWIFT_VERSION = 5.0;
				TARGETED_DEVICE_FAMILY = "1,2";
				TEST_TARGET_NAME = WordGame;
			};
			name = Release;
		};
/* End XCBuildConfiguration section */

/* Begin XCConfigurationList section */
		BF64083128EA09930008230A /* Build configuration list for PBXProject "WordGame" */ = {
			isa = XCConfigurationList;
			buildConfigurations = (
				BF64085E28EA09960008230A /* Debug */,
				BF64085F28EA09960008230A /* Release */,
			);
			defaultConfigurationIsVisible = 0;
			defaultConfigurationName = Release;
		};
		BF64086028EA09960008230A /* Build configuration list for PBXNativeTarget "WordGame" */ = {
			isa = XCConfigurationList;
			buildConfigurations = (
				BF64086128EA09960008230A /* Debug */,
				BF64086228EA09960008230A /* Release */,
			);
			defaultConfigurationIsVisible = 0;
			defaultConfigurationName = Release;
		};
		BF64086328EA09960008230A /* Build configuration list for PBXNativeTarget "WordGameTests" */ = {
			isa = XCConfigurationList;
			buildConfigurations = (
				BF64086428EA09960008230A /* Debug */,
				BF64086528EA09960008230A /* Release */,
			);
			defaultConfigurationIsVisible = 0;
			defaultConfigurationName = Release;
		};
		BF64086628EA09960008230A /* Build configuration list for PBXNativeTarget "WordGameUITests" */ = {
			isa = XCConfigurationList;
			buildConfigurations = (
				BF64086728EA09960008230A /* Debug */,
				BF64086828EA09960008230A /* Release */,
			);
			defaultConfigurationIsVisible = 0;
			defaultConfigurationName = Release;
		};
/* End XCConfigurationList section */

/* Begin XCRemoteSwiftPackageReference section */
		BFBFA07A28EB90EB00F018D8 /* XCRemoteSwiftPackageReference "SnapKit" */ = {
			isa = XCRemoteSwiftPackageReference;
			repositoryURL = "https://github.com/SnapKit/SnapKit";
			requirement = {
				kind = upToNextMajorVersion;
				minimumVersion = 5.0.0;
			};
		};
/* End XCRemoteSwiftPackageReference section */

/* Begin XCSwiftPackageProductDependency section */
		BFBFA07B28EB90EB00F018D8 /* SnapKit */ = {
			isa = XCSwiftPackageProductDependency;
			package = BFBFA07A28EB90EB00F018D8 /* XCRemoteSwiftPackageReference "SnapKit" */;
			productName = SnapKit;
		};
/* End XCSwiftPackageProductDependency section */
	};
	rootObject = BF64082E28EA09930008230A /* Project object */;
}
